PODS:
  - MultiModelTableViewDataSource (0.0.7)
  - Nimble (8.0.4)
  - Quick (2.2.0)

DEPENDENCIES:
  - MultiModelTableViewDataSource (from `../`)
  - Nimble
  - Quick

SPEC REPOS:
  https://github.com/cocoapods/specs.git:
    - Nimble
    - Quick

EXTERNAL SOURCES:
  MultiModelTableViewDataSource:
    :path: "../"

SPEC CHECKSUMS:
  MultiModelTableViewDataSource: 1433ce94b91a686bc1232a62672aeb24b80bed25
  Nimble: 18d5360282923225d62b09d781f63abc1a0111fc
  Quick: 7fb19e13be07b5dfb3b90d4f9824c855a11af40e

PODFILE CHECKSUM: b675b8d3eb630654a49ad641e9f4a655b2e89388

COCOAPODS: 1.7.2
